
Microsoft Visual Studio Solution File, Format Version 12.00
# Visual Studio Version 17
VisualStudioVersion = 17.9.34728.123
MinimumVisualStudioVersion = 10.0.40219.1
Project("{FAE04EC0-301F-11D3-BF4B-00C04F79EFBC}") = "WinFormsApp2", "WinFormsApp2.csproj", "{16050B41-8226-4684-AB07-D738C6FAFE22}"
EndProject
Global
	GlobalSection(SolutionConfigurationPlatforms) = preSolution
		Debug|Any CPU = Debug|Any CPU
		Release|Any CPU = Release|Any CPU
	EndGlobalSection
	GlobalSection(ProjectConfigurationPlatforms) = postSolution
		{16050B41-8226-4684-AB07-D738C6FAFE22}.Debug|Any CPU.ActiveCfg = Debug|Any CPU
		{16050B41-8226-4684-AB07-D738C6FAFE22}.Debug|Any CPU.Build.0 = Debug|Any CPU
		{16050B41-8226-4684-AB07-D738C6FAFE22}.Release|Any CPU.ActiveCfg = Release|Any CPU
		{16050B41-8226-4684-AB07-D738C6FAFE22}.Release|Any CPU.Build.0 = Release|Any CPU
	EndGlobalSection
	GlobalSection(SolutionProperties) = preSolution
		HideSolutionNode = FALSE
	EndGlobalSection
	GlobalSection(ExtensibilityGlobals) = postSolution
		SolutionGuid = {BEB27C8F-6CB1-409D-BFF0-2150DF9ED1DD}
	EndGlobalSection
EndGlobal
