
Microsoft Visual Studio Solution File, Format Version 12.00
# Visual Studio Version 17
VisualStudioVersion = 17.9.34728.123
MinimumVisualStudioVersion = 10.0.40219.1
Project("{8BC9CEB8-8B4A-11D0-8D11-00A0C91BC942}") = "ConsoleApplication2", "ConsoleApplication2.vcxproj", "{CABCE935-ACF3-436D-9D62-5F91716441D4}"
EndProject
Global
	GlobalSection(SolutionConfigurationPlatforms) = preSolution
		Debug|x64 = Debug|x64
		Debug|x86 = Debug|x86
		Release|x64 = Release|x64
		Release|x86 = Release|x86
	EndGlobalSection
	GlobalSection(ProjectConfigurationPlatforms) = postSolution
		{CABCE935-ACF3-436D-9D62-5F91716441D4}.Debug|x64.ActiveCfg = Debug|x64
		{CABCE935-ACF3-436D-9D62-5F91716441D4}.Debug|x64.Build.0 = Debug|x64
		{CABCE935-ACF3-436D-9D62-5F91716441D4}.Debug|x86.ActiveCfg = Debug|Win32
		{CABCE935-ACF3-436D-9D62-5F91716441D4}.Debug|x86.Build.0 = Debug|Win32
		{CABCE935-ACF3-436D-9D62-5F91716441D4}.Release|x64.ActiveCfg = Release|x64
		{CABCE935-ACF3-436D-9D62-5F91716441D4}.Release|x64.Build.0 = Release|x64
		{CABCE935-ACF3-436D-9D62-5F91716441D4}.Release|x86.ActiveCfg = Release|Win32
		{CABCE935-ACF3-436D-9D62-5F91716441D4}.Release|x86.Build.0 = Release|Win32
	EndGlobalSection
	GlobalSection(SolutionProperties) = preSolution
		HideSolutionNode = FALSE
	EndGlobalSection
	GlobalSection(ExtensibilityGlobals) = postSolution
		SolutionGuid = {1EFFB8A7-4806-4016-889C-216C9F4B3129}
	EndGlobalSection
EndGlobal
